// !$*UTF8*$!
{
	archiveVersion = 1;
	classes = {
	};
	objectVersion = 56;
	objects = {

/* Begin PBXBuildFile section */
		36872ED5296D245300062E69 /* CountApp.swift in Sources */ = {isa = PBXBuildFile; fileRef = 36872ED4296D245300062E69 /* CountApp.swift */; };
		36872ED9296D245300062E69 /* Assets.xcassets in Resources */ = {isa = PBXBuildFile; fileRef = 36872ED8296D245300062E69 /* Assets.xcassets */; };
		36872EDC296D245300062E69 /* Preview Assets.xcassets in Resources */ = {isa = PBXBuildFile; fileRef = 36872EDB296D245300062E69 /* Preview Assets.xcassets */; };
		36872EE6296D245400062E69 /* CountTests.swift in Sources */ = {isa = PBXBuildFile; fileRef = 36872EE5296D245400062E69 /* CountTests.swift */; };
		36872EF0296D245400062E69 /* CountUITests.swift in Sources */ = {isa = PBXBuildFile; fileRef = 36872EEF296D245400062E69 /* CountUITests.swift */; };
		36872EF2296D245400062E69 /* CountUITestsLaunchTests.swift in Sources */ = {isa = PBXBuildFile; fileRef = 36872EF1296D245400062E69 /* CountUITestsLaunchTests.swift */; };
		36872F00296D246A00062E69 /* ComposableArchitecture in Frameworks */ = {isa = PBXBuildFile; productRef = 36872EFF296D246A00062E69 /* ComposableArchitecture */; };
		36872F03296D249000062E69 /* Count.swift in Sources */ = {isa = PBXBuildFile; fileRef = 36872F02296D249000062E69 /* Count.swift */; };
		36872F06296D258000062E69 /* CountView.swift in Sources */ = {isa = PBXBuildFile; fileRef = 36872F05296D258000062E69 /* CountView.swift */; };
/* End PBXBuildFile section */

/* Begin PBXContainerItemProxy section */
		36872EE2296D245400062E69 /* PBXContainerItemProxy */ = {
			isa = PBXContainerItemProxy;
			containerPortal = 36872EC9296D245300062E69 /* Project object */;
			proxyType = 1;
			remoteGlobalIDString = 36872ED0296D245300062E69;
			remoteInfo = Count;
		};
		36872EEC296D245400062E69 /* PBXContainerItemProxy */ = {
			isa = PBXContainerItemProxy;
			containerPortal = 36872EC9296D245300062E69 /* Project object */;
			proxyType = 1;
			remoteGlobalIDString = 36872ED0296D245300062E69;
			remoteInfo = Count;
		};
/* End PBXContainerItemProxy section */

/* Begin PBXFileReference section */
		36872ED1296D245300062E69 /* Count.app */ = {isa = PBXFileReference; explicitFileType = wrapper.application; includeInIndex = 0; path = Count.app; sourceTree = BUILT_PRODUCTS_DIR; };
		36872ED4296D245300062E69 /* CountApp.swift */ = {isa = PBXFileReference; lastKnownFileType = sourcecode.swift; path = CountApp.swift; sourceTree = "<group>"; };
		36872ED8296D245300062E69 /* Assets.xcassets */ = {isa = PBXFileReference; lastKnownFileType = folder.assetcatalog; path = Assets.xcassets; sourceTree = "<group>"; };
		36872EDB296D245300062E69 /* Preview Assets.xcassets */ = {isa = PBXFileReference; lastKnownFileType = folder.assetcatalog; path = "Preview Assets.xcassets"; sourceTree = "<group>"; };
		36872EE1296D245400062E69 /* CountTests.xctest */ = {isa = PBXFileReference; explicitFileType = wrapper.cfbundle; includeInIndex = 0; path = CountTests.xctest; sourceTree = BUILT_PRODUCTS_DIR; };
		36872EE5296D245400062E69 /* CountTests.swift */ = {isa = PBXFileReference; lastKnownFileType = sourcecode.swift; path = CountTests.swift; sourceTree = "<group>"; };
		36872EEB296D245400062E69 /* CountUITests.xctest */ = {isa = PBXFileReference; explicitFileType = wrapper.cfbundle; includeInIndex = 0; path = CountUITests.xctest; sourceTree = BUILT_PRODUCTS_DIR; };
		36872EEF296D245400062E69 /* CountUITests.swift */ = {isa = PBXFileReference; lastKnownFileType = sourcecode.swift; path = CountUITests.swift; sourceTree = "<group>"; };
		36872EF1296D245400062E69 /* CountUITestsLaunchTests.swift */ = {isa = PBXFileReference; lastKnownFileType = sourcecode.swift; path = CountUITestsLaunchTests.swift; sourceTree = "<group>"; };
		36872F02296D249000062E69 /* Count.swift */ = {isa = PBXFileReference; lastKnownFileType = sourcecode.swift; path = Count.swift; sourceTree = "<group>"; };
		36872F05296D258000062E69 /* CountView.swift */ = {isa = PBXFileReference; lastKnownFileType = sourcecode.swift; path = CountView.swift; sourceTree = "<group>"; };
		36872F08296D284100062E69 /* README.md */ = {isa = PBXFileReference; lastKnownFileType = net.daringfireball.markdown; path = README.md; sourceTree = "<group>"; };
/* End PBXFileReference section */

/* Begin PBXFrameworksBuildPhase section */
		36872ECE296D245300062E69 /* Frameworks */ = {
			isa = PBXFrameworksBuildPhase;
			buildActionMask = 2147483647;
			files = (
				36872F00296D246A00062E69 /* ComposableArchitecture in Frameworks */,
			);
			runOnlyForDeploymentPostprocessing = 0;
		};
		36872EDE296D245400062E69 /* Frameworks */ = {
			isa = PBXFrameworksBuildPhase;
			buildActionMask = 2147483647;
			files = (
			);
			runOnlyForDeploymentPostprocessing = 0;
		};
		36872EE8296D245400062E69 /* Frameworks */ = {
			isa = PBXFrameworksBuildPhase;
			buildActionMask = 2147483647;
			files = (
			);
			runOnlyForDeploymentPostprocessing = 0;
		};
/* End PBXFrameworksBuildPhase section */

/* Begin PBXGroup section */
		36872EC8296D245300062E69 = {
			isa = PBXGroup;
			children = (
				36872F08296D284100062E69 /* README.md */,
				36872ED3296D245300062E69 /* Count */,
				36872EE4296D245400062E69 /* CountTests */,
				36872EEE296D245400062E69 /* CountUITests */,
				36872ED2296D245300062E69 /* Products */,
			);
			sourceTree = "<group>";
		};
		36872ED2296D245300062E69 /* Products */ = {
			isa = PBXGroup;
			children = (
				36872ED1296D245300062E69 /* Count.app */,
				36872EE1296D245400062E69 /* CountTests.xctest */,
				36872EEB296D245400062E69 /* CountUITests.xctest */,
			);
			name = Products;
			sourceTree = "<group>";
		};
		36872ED3296D245300062E69 /* Count */ = {
			isa = PBXGroup;
			children = (
				36872ED4296D245300062E69 /* CountApp.swift */,
				36872F01296D247700062E69 /* Tca */,
				36872F04296D257100062E69 /* View */,
				36872ED8296D245300062E69 /* Assets.xcassets */,
				36872EDA296D245300062E69 /* Preview Content */,
			);
			path = Count;
			sourceTree = "<group>";
		};
		36872EDA296D245300062E69 /* Preview Content */ = {
			isa = PBXGroup;
			children = (
				36872EDB296D245300062E69 /* Preview Assets.xcassets */,
			);
			path = "Preview Content";
			sourceTree = "<group>";
		};
		36872EE4296D245400062E69 /* CountTests */ = {
			isa = PBXGroup;
			children = (
				36872EE5296D245400062E69 /* CountTests.swift */,
			);
			path = CountTests;
			sourceTree = "<group>";
		};
		36872EEE296D245400062E69 /* CountUITests */ = {
			isa = PBXGroup;
			children = (
				36872EEF296D245400062E69 /* CountUITests.swift */,
				36872EF1296D245400062E69 /* CountUITestsLaunchTests.swift */,
			);
			path = CountUITests;
			sourceTree = "<group>";
		};
		36872F01296D247700062E69 /* Tca */ = {
			isa = PBXGroup;
			children = (
				36872F02296D249000062E69 /* Count.swift */,
			);
			path = Tca;
			sourceTree = "<group>";
		};
		36872F04296D257100062E69 /* View */ = {
			isa = PBXGroup;
			children = (
				36872F05296D258000062E69 /* CountView.swift */,
			);
			path = View;
			sourceTree = "<group>";
		};
/* End PBXGroup section */

/* Begin PBXNativeTarget section */
		36872ED0296D245300062E69 /* Count */ = {
			isa = PBXNativeTarget;
			buildConfigurationList = 36872EF5296D245400062E69 /* Build configuration list for PBXNativeTarget "Count" */;
			buildPhases = (
				36872ECD296D245300062E69 /* Sources */,
				36872ECE296D245300062E69 /* Frameworks */,
				36872ECF296D245300062E69 /* Resources */,
			);
			buildRules = (
			);
			dependencies = (
			);
			name = Count;
			packageProductDependencies = (
				36872EFF296D246A00062E69 /* ComposableArchitecture */,
			);
			productName = Count;
			productReference = 36872ED1296D245300062E69 /* Count.app */;
			productType = "com.apple.product-type.application";
		};
		36872EE0296D245400062E69 /* CountTests */ = {
			isa = PBXNativeTarget;
			buildConfigurationList = 36872EF8296D245400062E69 /* Build configuration list for PBXNativeTarget "CountTests" */;
			buildPhases = (
				36872EDD296D245400062E69 /* Sources */,
				36872EDE296D245400062E69 /* Frameworks */,
				36872EDF296D245400062E69 /* Resources */,
			);
			buildRules = (
			);
			dependencies = (
				36872EE3296D245400062E69 /* PBXTargetDependency */,
			);
			name = CountTests;
			productName = CountTests;
			productReference = 36872EE1296D245400062E69 /* CountTests.xctest */;
			productType = "com.apple.product-type.bundle.unit-test";
		};
		36872EEA296D245400062E69 /* CountUITests */ = {
			isa = PBXNativeTarget;
			buildConfigurationList = 36872EFB296D245400062E69 /* Build configuration list for PBXNativeTarget "CountUITests" */;
			buildPhases = (
				36872EE7296D245400062E69 /* Sources */,
				36872EE8296D245400062E69 /* Frameworks */,
				36872EE9296D245400062E69 /* Resources */,
			);
			buildRules = (
			);
			dependencies = (
				36872EED296D245400062E69 /* PBXTargetDependency */,
			);
			name = CountUITests;
			productName = CountUITests;
			productReference = 36872EEB296D245400062E69 /* CountUITests.xctest */;
			productType = "com.apple.product-type.bundle.ui-testing";
		};
/* End PBXNativeTarget section */

/* Begin PBXProject section */
		36872EC9296D245300062E69 /* Project object */ = {
			isa = PBXProject;
			attributes = {
				BuildIndependentTargetsInParallel = 1;
				LastSwiftUpdateCheck = 1410;
				LastUpgradeCheck = 1410;
				TargetAttributes = {
					36872ED0296D245300062E69 = {
						CreatedOnToolsVersion = 14.1;
					};
					36872EE0296D245400062E69 = {
						CreatedOnToolsVersion = 14.1;
						TestTargetID = 36872ED0296D245300062E69;
					};
					36872EEA296D245400062E69 = {
						CreatedOnToolsVersion = 14.1;
						TestTargetID = 36872ED0296D245300062E69;
					};
				};
			};
			buildConfigurationList = 36872ECC296D245300062E69 /* Build configuration list for PBXProject "Count" */;
			compatibilityVersion = "Xcode 14.0";
			developmentRegion = en;
			hasScannedForEncodings = 0;
			knownRegions = (
				en,
				Base,
			);
			mainGroup = 36872EC8296D245300062E69;
			packageReferences = (
				36872EFE296D246A00062E69 /* XCRemoteSwiftPackageReference "swift-composable-architecture" */,
			);
			productRefGroup = 36872ED2296D245300062E69 /* Products */;
			projectDirPath = "";
			projectRoot = "";
			targets = (
				36872ED0296D245300062E69 /* Count */,
				36872EE0296D245400062E69 /* CountTests */,
				36872EEA296D245400062E69 /* CountUITests */,
			);
		};
/* End PBXProject section */

/* Begin PBXResourcesBuildPhase section */
		36872ECF296D245300062E69 /* Resources */ = {
			isa = PBXResourcesBuildPhase;
			buildActionMask = 2147483647;
			files = (
				36872EDC296D245300062E69 /* Preview Assets.xcassets in Resources */,
				36872ED9296D245300062E69 /* Assets.xcassets in Resources */,
			);
			runOnlyForDeploymentPostprocessing = 0;
		};
		36872EDF296D245400062E69 /* Resources */ = {
			isa = PBXResourcesBuildPhase;
			buildActionMask = 2147483647;
			files = (
			);
			runOnlyForDeploymentPostprocessing = 0;
		};
		36872EE9296D245400062E69 /* Resources */ = {
			isa = PBXResourcesBuildPhase;
			buildActionMask = 2147483647;
			files = (
			);
			runOnlyForDeploymentPostprocessing = 0;
		};
/* End PBXResourcesBuildPhase section */

/* Begin PBXSourcesBuildPhase section */
		36872ECD296D245300062E69 /* Sources */ = {
			isa = PBXSourcesBuildPhase;
			buildActionMask = 2147483647;
			files = (
				36872ED5296D245300062E69 /* CountApp.swift in Sources */,
				36872F06296D258000062E69 /* CountView.swift in Sources */,
				36872F03296D249000062E69 /* Count.swift in Sources */,
			);
			runOnlyForDeploymentPostprocessing = 0;
		};
		36872EDD296D245400062E69 /* Sources */ = {
			isa = PBXSourcesBuildPhase;
			buildActionMask = 2147483647;
			files = (
				36872EE6296D245400062E69 /* CountTests.swift in Sources */,
			);
			runOnlyForDeploymentPostprocessing = 0;
		};
		36872EE7296D245400062E69 /* Sources */ = {
			isa = PBXSourcesBuildPhase;
			buildActionMask = 2147483647;
			files = (
				36872EF2296D245400062E69 /* CountUITestsLaunchTests.swift in Sources */,
				36872EF0296D245400062E69 /* CountUITests.swift in Sources */,
			);
			runOnlyForDeploymentPostprocessing = 0;
		};
/* End PBXSourcesBuildPhase section */

/* Begin PBXTargetDependency section */
		36872EE3296D245400062E69 /* PBXTargetDependency */ = {
			isa = PBXTargetDependency;
			target = 36872ED0296D245300062E69 /* Count */;
			targetProxy = 36872EE2296D245400062E69 /* PBXContainerItemProxy */;
		};
		36872EED296D245400062E69 /* PBXTargetDependency */ = {
			isa = PBXTargetDependency;
			target = 36872ED0296D245300062E69 /* Count */;
			targetProxy = 36872EEC296D245400062E69 /* PBXContainerItemProxy */;
		};
/* End PBXTargetDependency section */

/* Begin XCBuildConfiguration section */
		36872EF3296D245400062E69 /* Debug */ = {
			isa = XCBuildConfiguration;
			buildSettings = {
				ALWAYS_SEARCH_USER_PATHS = NO;
				CLANG_ANALYZER_NONNULL = YES;
				CLANG_ANALYZER_NUMBER_OBJECT_CONVERSION = YES_AGGRESSIVE;
				CLANG_CXX_LANGUAGE_STANDARD = "gnu++20";
				CLANG_ENABLE_MODULES = YES;
				CLANG_ENABLE_OBJC_ARC = YES;
				CLANG_ENABLE_OBJC_WEAK = YES;
				CLANG_WARN_BLOCK_CAPTURE_AUTORELEASING = YES;
				CLANG_WARN_BOOL_CONVERSION = YES;
				CLANG_WARN_COMMA = YES;
				CLANG_WARN_CONSTANT_CONVERSION = YES;
				CLANG_WARN_DEPRECATED_OBJC_IMPLEMENTATIONS = YES;
				CLANG_WARN_DIRECT_OBJC_ISA_USAGE = YES_ERROR;
				CLANG_WARN_DOCUMENTATION_COMMENTS = YES;
				CLANG_WARN_EMPTY_BODY = YES;
				CLANG_WARN_ENUM_CONVERSION = YES;
				CLANG_WARN_INFINITE_RECURSION = YES;
				CLANG_WARN_INT_CONVERSION = YES;
				CLANG_WARN_NON_LITERAL_NULL_CONVERSION = YES;
				CLANG_WARN_OBJC_IMPLICIT_RETAIN_SELF = YES;
				CLANG_WARN_OBJC_LITERAL_CONVERSION = YES;
				CLANG_WARN_OBJC_ROOT_CLASS = YES_ERROR;
				CLANG_WARN_QUOTED_INCLUDE_IN_FRAMEWORK_HEADER = YES;
				CLANG_WARN_RANGE_LOOP_ANALYSIS = YES;
				CLANG_WARN_STRICT_PROTOTYPES = YES;
				CLANG_WARN_SUSPICIOUS_MOVE = YES;
				CLANG_WARN_UNGUARDED_AVAILABILITY = YES_AGGRESSIVE;
				CLANG_WARN_UNREACHABLE_CODE = YES;
				CLANG_WARN__DUPLICATE_METHOD_MATCH = YES;
				COPY_PHASE_STRIP = NO;
				DEBUG_INFORMATION_FORMAT = dwarf;
				ENABLE_STRICT_OBJC_MSGSEND = YES;
				ENABLE_TESTABILITY = YES;
				GCC_C_LANGUAGE_STANDARD = gnu11;
				GCC_DYNAMIC_NO_PIC = NO;
				GCC_NO_COMMON_BLOCKS = YES;
				GCC_OPTIMIZATION_LEVEL = 0;
				GCC_PREPROCESSOR_DEFINITIONS = (
					"DEBUG=1",
					"$(inherited)",
				);
				GCC_WARN_64_TO_32_BIT_CONVERSION = YES;
				GCC_WARN_ABOUT_RETURN_TYPE = YES_ERROR;
				GCC_WARN_UNDECLARED_SELECTOR = YES;
				GCC_WARN_UNINITIALIZED_AUTOS = YES_AGGRESSIVE;
				GCC_WARN_UNUSED_FUNCTION = YES;
				GCC_WARN_UNUSED_VARIABLE = YES;
				IPHONEOS_DEPLOYMENT_TARGET = 16.1;
				MTL_ENABLE_DEBUG_INFO = INCLUDE_SOURCE;
				MTL_FAST_MATH = YES;
				ONLY_ACTIVE_ARCH = YES;
				SDKROOT = iphoneos;
				SWIFT_ACTIVE_COMPILATION_CONDITIONS = DEBUG;
				SWIFT_OPTIMIZATION_LEVEL = "-Onone";
			};
			name = Debug;
		};
		36872EF4296D245400062E69 /* Release */ = {
			isa = XCBuildConfiguration;
			buildSettings = {
				ALWAYS_SEARCH_USER_PATHS = NO;
				CLANG_ANALYZER_NONNULL = YES;
				CLANG_ANALYZER_NUMBER_OBJECT_CONVERSION = YES_AGGRESSIVE;
				CLANG_CXX_LANGUAGE_STANDARD = "gnu++20";
				CLANG_ENABLE_MODULES = YES;
				CLANG_ENABLE_OBJC_ARC = YES;
				CLANG_ENABLE_OBJC_WEAK = YES;
				CLANG_WARN_BLOCK_CAPTURE_AUTORELEASING = YES;
				CLANG_WARN_BOOL_CONVERSION = YES;
				CLANG_WARN_COMMA = YES;
				CLANG_WARN_CONSTANT_CONVERSION = YES;
				CLANG_WARN_DEPRECATED_OBJC_IMPLEMENTATIONS = YES;
				CLANG_WARN_DIRECT_OBJC_ISA_USAGE = YES_ERROR;
				CLANG_WARN_DOCUMENTATION_COMMENTS = YES;
				CLANG_WARN_EMPTY_BODY = YES;
				CLANG_WARN_ENUM_CONVERSION = YES;
				CLANG_WARN_INFINITE_RECURSION = YES;
				CLANG_WARN_INT_CONVERSION = YES;
				CLANG_WARN_NON_LITERAL_NULL_CONVERSION = YES;
				CLANG_WARN_OBJC_IMPLICIT_RETAIN_SELF = YES;
				CLANG_WARN_OBJC_LITERAL_CONVERSION = YES;
				CLANG_WARN_OBJC_ROOT_CLASS = YES_ERROR;
				CLANG_WARN_QUOTED_INCLUDE_IN_FRAMEWORK_HEADER = YES;
				CLANG_WARN_RANGE_LOOP_ANALYSIS = YES;
				CLANG_WARN_STRICT_PROTOTYPES = YES;
				CLANG_WARN_SUSPICIOUS_MOVE = YES;
				CLANG_WARN_UNGUARDED_AVAILABILITY = YES_AGGRESSIVE;
				CLANG_WARN_UNREACHABLE_CODE = YES;
				CLANG_WARN__DUPLICATE_METHOD_MATCH = YES;
				COPY_PHASE_STRIP = NO;
				DEBUG_INFORMATION_FORMAT = "dwarf-with-dsym";
				ENABLE_NS_ASSERTIONS = NO;
				ENABLE_STRICT_OBJC_MSGSEND = YES;
				GCC_C_LANGUAGE_STANDARD = gnu11;
				GCC_NO_COMMON_BLOCKS = YES;
				GCC_WARN_64_TO_32_BIT_CONVERSION = YES;
				GCC_WARN_ABOUT_RETURN_TYPE = YES_ERROR;
				GCC_WARN_UNDECLARED_SELECTOR = YES;
				GCC_WARN_UNINITIALIZED_AUTOS = YES_AGGRESSIVE;
				GCC_WARN_UNUSED_FUNCTION = YES;
				GCC_WARN_UNUSED_VARIABLE = YES;
				IPHONEOS_DEPLOYMENT_TARGET = 16.1;
				MTL_ENABLE_DEBUG_INFO = NO;
				MTL_FAST_MATH = YES;
				SDKROOT = iphoneos;
				SWIFT_COMPILATION_MODE = wholemodule;
				SWIFT_OPTIMIZATION_LEVEL = "-O";
				VALIDATE_PRODUCT = YES;
			};
			name = Release;
		};
		36872EF6296D245400062E69 /* Debug */ = {
			isa = XCBuildConfiguration;
			buildSettings = {
				ASSETCATALOG_COMPILER_APPICON_NAME = AppIcon;
				ASSETCATALOG_COMPILER_GLOBAL_ACCENT_COLOR_NAME = AccentColor;
				CODE_SIGN_STYLE = Automatic;
				CURRENT_PROJECT_VERSION = 1;
				DEVELOPMENT_ASSET_PATHS = "\"Count/Preview Content\"";
				DEVELOPMENT_TEAM = XS46B9AQBD;
				ENABLE_PREVIEWS = YES;
				GENERATE_INFOPLIST_FILE = YES;
				INFOPLIST_KEY_UIApplicationSceneManifest_Generation = YES;
				INFOPLIST_KEY_UIApplicationSupportsIndirectInputEvents = YES;
				INFOPLIST_KEY_UILaunchScreen_Generation = YES;
				INFOPLIST_KEY_UISupportedInterfaceOrientations_iPad = "UIInterfaceOrientationPortrait UIInterfaceOrientationPortraitUpsideDown UIInterfaceOrientationLandscapeLeft UIInterfaceOrientationLandscapeRight";
				INFOPLIST_KEY_UISupportedInterfaceOrientations_iPhone = "UIInterfaceOrientationPortrait UIInterfaceOrientationLandscapeLeft UIInterfaceOrientationLandscapeRight";
				LD_RUNPATH_SEARCH_PATHS = (
					"$(inherited)",
					"@executable_path/Frameworks",
				);
				MARKETING_VERSION = 1.0;
				PRODUCT_BUNDLE_IDENTIFIER = com.beneficial.Count;
				PRODUCT_NAME = "$(TARGET_NAME)";
				SWIFT_EMIT_LOC_STRINGS = YES;
				SWIFT_VERSION = 5.0;
				TARGETED_DEVICE_FAMILY = "1,2";
			};
			name = Debug;
		};
		36872EF7296D245400062E69 /* Release */ = {
			isa = XCBuildConfiguration;
			buildSettings = {
				ASSETCATALOG_COMPILER_APPICON_NAME = AppIcon;
				ASSETCATALOG_COMPILER_GLOBAL_ACCENT_COLOR_NAME = AccentColor;
				CODE_SIGN_STYLE = Automatic;
				CURRENT_PROJECT_VERSION = 1;
				DEVELOPMENT_ASSET_PATHS = "\"Count/Preview Content\"";
				DEVELOPMENT_TEAM = XS46B9AQBD;
				ENABLE_PREVIEWS = YES;
				GENERATE_INFOPLIST_FILE = YES;
				INFOPLIST_KEY_UIApplicationSceneManifest_Generation = YES;
				INFOPLIST_KEY_UIApplicationSupportsIndirectInputEvents = YES;
				INFOPLIST_KEY_UILaunchScreen_Generation = YES;
				INFOPLIST_KEY_UISupportedInterfaceOrientations_iPad = "UIInterfaceOrientationPortrait UIInterfaceOrientationPortraitUpsideDown UIInterfaceOrientationLandscapeLeft UIInterfaceOrientationLandscapeRight";
				INFOPLIST_KEY_UISupportedInterfaceOrientations_iPhone = "UIInterfaceOrientationPortrait UIInterfaceOrientationLandscapeLeft UIInterfaceOrientationLandscapeRight";
				LD_RUNPATH_SEARCH_PATHS = (
					"$(inherited)",
					"@executable_path/Frameworks",
				);
				MARKETING_VERSION = 1.0;
				PRODUCT_BUNDLE_IDENTIFIER = com.beneficial.Count;
				PRODUCT_NAME = "$(TARGET_NAME)";
				SWIFT_EMIT_LOC_STRINGS = YES;
				SWIFT_VERSION = 5.0;
				TARGETED_DEVICE_FAMILY = "1,2";
			};
			name = Release;
		};
		36872EF9296D245400062E69 /* Debug */ = {
			isa = XCBuildConfiguration;
			buildSettings = {
				ALWAYS_EMBED_SWIFT_STANDARD_LIBRARIES = YES;
				BUNDLE_LOADER = "$(TEST_HOST)";
				CODE_SIGN_STYLE = Automatic;
				CURRENT_PROJECT_VERSION = 1;
				DEVELOPMENT_TEAM = XS46B9AQBD;
				GENERATE_INFOPLIST_FILE = YES;
				IPHONEOS_DEPLOYMENT_TARGET = 16.1;
				MARKETING_VERSION = 1.0;
				PRODUCT_BUNDLE_IDENTIFIER = com.beneficial.CountTests;
				PRODUCT_NAME = "$(TARGET_NAME)";
				SWIFT_EMIT_LOC_STRINGS = NO;
				SWIFT_VERSION = 5.0;
				TARGETED_DEVICE_FAMILY = "1,2";
				TEST_HOST = "$(BUILT_PRODUCTS_DIR)/Count.app/$(BUNDLE_EXECUTABLE_FOLDER_PATH)/Count";
			};
			name = Debug;
		};
		36872EFA296D245400062E69 /* Release */ = {
			isa = XCBuildConfiguration;
			buildSettings = {
				ALWAYS_EMBED_SWIFT_STANDARD_LIBRARIES = YES;
				BUNDLE_LOADER = "$(TEST_HOST)";
				CODE_SIGN_STYLE = Automatic;
				CURRENT_PROJECT_VERSION = 1;
				DEVELOPMENT_TEAM = XS46B9AQBD;
				GENERATE_INFOPLIST_FILE = YES;
				IPHONEOS_DEPLOYMENT_TARGET = 16.1;
				MARKETING_VERSION = 1.0;
				PRODUCT_BUNDLE_IDENTIFIER = com.beneficial.CountTests;
				PRODUCT_NAME = "$(TARGET_NAME)";
				SWIFT_EMIT_LOC_STRINGS = NO;
				SWIFT_VERSION = 5.0;
				TARGETED_DEVICE_FAMILY = "1,2";
				TEST_HOST = "$(BUILT_PRODUCTS_DIR)/Count.app/$(BUNDLE_EXECUTABLE_FOLDER_PATH)/Count";
			};
			name = Release;
		};
		36872EFC296D245400062E69 /* Debug */ = {
			isa = XCBuildConfiguration;
			buildSettings = {
				ALWAYS_EMBED_SWIFT_STANDARD_LIBRARIES = YES;
				CODE_SIGN_STYLE = Automatic;
				CURRENT_PROJECT_VERSION = 1;
				DEVELOPMENT_TEAM = XS46B9AQBD;
				GENERATE_INFOPLIST_FILE = YES;
				MARKETING_VERSION = 1.0;
				PRODUCT_BUNDLE_IDENTIFIER = com.beneficial.CountUITests;
				PRODUCT_NAME = "$(TARGET_NAME)";
				SWIFT_EMIT_LOC_STRINGS = NO;
				SWIFT_VERSION = 5.0;
				TARGETED_DEVICE_FAMILY = "1,2";
				TEST_TARGET_NAME = Count;
			};
			name = Debug;
		};
		36872EFD296D245400062E69 /* Release */ = {
			isa = XCBuildConfiguration;
			buildSettings = {
				ALWAYS_EMBED_SWIFT_STANDARD_LIBRARIES = YES;
				CODE_SIGN_STYLE = Automatic;
				CURRENT_PROJECT_VERSION = 1;
				DEVELOPMENT_TEAM = XS46B9AQBD;
				GENERATE_INFOPLIST_FILE = YES;
				MARKETING_VERSION = 1.0;
				PRODUCT_BUNDLE_IDENTIFIER = com.beneficial.CountUITests;
				PRODUCT_NAME = "$(TARGET_NAME)";
				SWIFT_EMIT_LOC_STRINGS = NO;
				SWIFT_VERSION = 5.0;
				TARGETED_DEVICE_FAMILY = "1,2";
				TEST_TARGET_NAME = Count;
			};
			name = Release;
		};
/* End XCBuildConfiguration section */

/* Begin XCConfigurationList section */
		36872ECC296D245300062E69 /* Build configuration list for PBXProject "Count" */ = {
			isa = XCConfigurationList;
			buildConfigurations = (
				36872EF3296D245400062E69 /* Debug */,
				36872EF4296D245400062E69 /* Release */,
			);
			defaultConfigurationIsVisible = 0;
			defaultConfigurationName = Release;
		};
		36872EF5296D245400062E69 /* Build configuration list for PBXNativeTarget "Count" */ = {
			isa = XCConfigurationList;
			buildConfigurations = (
				36872EF6296D245400062E69 /* Debug */,
				36872EF7296D245400062E69 /* Release */,
			);
			defaultConfigurationIsVisible = 0;
			defaultConfigurationName = Release;
		};
		36872EF8296D245400062E69 /* Build configuration list for PBXNativeTarget "CountTests" */ = {
			isa = XCConfigurationList;
			buildConfigurations = (
				36872EF9296D245400062E69 /* Debug */,
				36872EFA296D245400062E69 /* Release */,
			);
			defaultConfigurationIsVisible = 0;
			defaultConfigurationName = Release;
		};
		36872EFB296D245400062E69 /* Build configuration list for PBXNativeTarget "CountUITests" */ = {
			isa = XCConfigurationList;
			buildConfigurations = (
				36872EFC296D245400062E69 /* Debug */,
				36872EFD296D245400062E69 /* Release */,
			);
			defaultConfigurationIsVisible = 0;
			defaultConfigurationName = Release;
		};
/* End XCConfigurationList section */

/* Begin XCRemoteSwiftPackageReference section */
		36872EFE296D246A00062E69 /* XCRemoteSwiftPackageReference "swift-composable-architecture" */ = {
			isa = XCRemoteSwiftPackageReference;
			repositoryURL = "https://github.com/pointfreeco/swift-composable-architecture";
			requirement = {
				branch = main;
				kind = branch;
			};
		};
/* End XCRemoteSwiftPackageReference section */

/* Begin XCSwiftPackageProductDependency section */
		36872EFF296D246A00062E69 /* ComposableArchitecture */ = {
			isa = XCSwiftPackageProductDependency;
			package = 36872EFE296D246A00062E69 /* XCRemoteSwiftPackageReference "swift-composable-architecture" */;
			productName = ComposableArchitecture;
		};
/* End XCSwiftPackageProductDependency section */
	};
	rootObject = 36872EC9296D245300062E69 /* Project object */;
}
